
Microsoft Visual Studio Solution File, Format Version 12.00
# Visual Studio Version 17
VisualStudioVersion = 17.2.32616.157
MinimumVisualStudioVersion = 10.0.40219.1
Project("{FAE04EC0-301F-11D3-BF4B-00C04F79EFBC}") = "Loader", "Tex Loader\Loader.csproj", "{33FCD856-2414-4A47-814A-07A50FB8D937}"
EndProject
Global
	GlobalSection(SolutionConfigurationPlatforms) = preSolution
		Debug|Any CPU = Debug|Any CPU
		Release|Any CPU = Release|Any CPU
	EndGlobalSection
	GlobalSection(ProjectConfigurationPlatforms) = postSolution
		{33FCD856-2414-4A47-814A-07A50FB8D937}.Debug|Any CPU.ActiveCfg = Debug|Any CPU
		{33FCD856-2414-4A47-814A-07A50FB8D937}.Debug|Any CPU.Build.0 = Debug|Any CPU
		{33FCD856-2414-4A47-814A-07A50FB8D937}.Release|Any CPU.ActiveCfg = Release|Any CPU
		{33FCD856-2414-4A47-814A-07A50FB8D937}.Release|Any CPU.Build.0 = Release|Any CPU
	EndGlobalSection
	GlobalSection(SolutionProperties) = preSolution
		HideSolutionNode = FALSE
	EndGlobalSection
	GlobalSection(ExtensibilityGlobals) = postSolution
		SolutionGuid = {63D77052-E9DF-4008-BCC8-D09911D34F08}
	EndGlobalSection
EndGlobal
